
Microsoft Visual Studio Solution File, Format Version 12.00
# Visual Studio Version 17
VisualStudioVersion = 17.4.33213.308
MinimumVisualStudioVersion = 10.0.40219.1
Project("{FAE04EC0-301F-11D3-BF4B-00C04F79EFBC}") = "Projeto02", "Projeto02.csproj", "{FACA88E8-66AB-46BC-B957-E5BFA848DFCF}"
EndProject
Global
	GlobalSection(SolutionConfigurationPlatforms) = preSolution
		Debug|Any CPU = Debug|Any CPU
		Release|Any CPU = Release|Any CPU
	EndGlobalSection
	GlobalSection(ProjectConfigurationPlatforms) = postSolution
		{FACA88E8-66AB-46BC-B957-E5BFA848DFCF}.Debug|Any CPU.ActiveCfg = Debug|Any CPU
		{FACA88E8-66AB-46BC-B957-E5BFA848DFCF}.Debug|Any CPU.Build.0 = Debug|Any CPU
		{FACA88E8-66AB-46BC-B957-E5BFA848DFCF}.Release|Any CPU.ActiveCfg = Release|Any CPU
		{FACA88E8-66AB-46BC-B957-E5BFA848DFCF}.Release|Any CPU.Build.0 = Release|Any CPU
	EndGlobalSection
	GlobalSection(SolutionProperties) = preSolution
		HideSolutionNode = FALSE
	EndGlobalSection
	GlobalSection(ExtensibilityGlobals) = postSolution
		SolutionGuid = {49CC4772-913C-4E33-83E3-ED1076F72A58}
	EndGlobalSection
EndGlobal
